{
  "name": "coolie-mid-vue",
  "version": "1.0.0",
  "lockfileVersion": 1,
  "requires": true,
  "dependencies": {
    "ansi-regex": {
      "version": "3.0.0",
      "resolved": "http://registry.npm.taobao.org/ansi-regex/download/ansi-regex-3.0.0.tgz",
      "integrity": "sha1-7QMXwyIGT3lGbAKWa922Bas32Zg="
    },
    "blear.node.console": {
      "version": "1.1.3",
      "resolved": "http://registry.npm.taobao.org/blear.node.console/download/blear.node.console-1.1.3.tgz",
      "integrity": "sha1-IFlYoPB9ZBxwQdL+Y7TPiZ7Jd0I=",
      "requires": {
        "blear.utils.access": "1.0.5",
        "blear.utils.array": "1.0.12",
        "blear.utils.collection": "1.0.4",
        "blear.utils.date": "1.0.11",
        "blear.utils.object": "1.0.14",
        "blear.utils.typeis": "1.0.3",
        "strip-ansi": "4.0.0",
        "wcwidth": "1.0.1"
      }
    },
    "blear.node.debug": {
      "version": "1.0.4",
      "resolved": "http://registry.npm.taobao.org/blear.node.debug/download/blear.node.debug-1.0.4.tgz",
      "integrity": "sha1-9nN2JBFgeikhWupS3M+LJT1BROY=",
      "requires": {
        "blear.node.console": "1.1.3",
        "blear.utils.access": "1.0.5",
        "blear.utils.array": "1.0.12",
        "blear.utils.collection": "1.0.4",
        "blear.utils.object": "1.0.14",
        "blear.utils.string": "1.0.10",
        "blear.utils.typeis": "1.0.3"
      }
    },
    "blear.utils.access": {
      "version": "1.0.5",
      "resolved": "http://registry.npm.taobao.org/blear.utils.access/download/blear.utils.access-1.0.5.tgz",
      "integrity": "sha1-Sdnex3z9zSOrCwiHmwUw7K3k7iY=",
      "requires": {
        "blear.utils.array": "1.0.12",
        "blear.utils.collection": "1.0.4",
        "blear.utils.object": "1.0.14",
        "blear.utils.typeis": "1.0.3"
      }
    },
    "blear.utils.array": {
      "version": "1.0.12",
      "resolved": "http://registry.npm.taobao.org/blear.utils.array/download/blear.utils.array-1.0.12.tgz",
      "integrity": "sha1-Yje/gLO+MTdxR9kNb63JGp/md24=",
      "requires": {
        "blear.utils.typeis": "1.0.3"
      }
    },
    "blear.utils.collection": {
      "version": "1.0.4",
      "resolved": "http://registry.npm.taobao.org/blear.utils.collection/download/blear.utils.collection-1.0.4.tgz",
      "integrity": "sha1-FA28f83glrqYiytC7cdXSQWEmzE=",
      "requires": {
        "blear.utils.array": "1.0.12",
        "blear.utils.object": "1.0.14",
        "blear.utils.typeis": "1.0.3"
      }
    },
    "blear.utils.date": {
      "version": "1.0.11",
      "resolved": "http://registry.npm.taobao.org/blear.utils.date/download/blear.utils.date-1.0.11.tgz",
      "integrity": "sha1-cjladNb0+9GEmJsHj6V7Vj9aFZo=",
      "requires": {
        "blear.utils.access": "1.0.5",
        "blear.utils.array": "1.0.12",
        "blear.utils.number": "1.0.3",
        "blear.utils.string": "1.0.10",
        "blear.utils.typeis": "1.0.3"
      }
    },
    "blear.utils.json": {
      "version": "1.0.5",
      "resolved": "http://registry.npm.taobao.org/blear.utils.json/download/blear.utils.json-1.0.5.tgz",
      "integrity": "sha1-6urtuLlYOC0zisaSefDXlSvIl/Y=",
      "requires": {
        "blear.utils.object": "1.0.14",
        "blear.utils.typeis": "1.0.3"
      }
    },
    "blear.utils.number": {
      "version": "1.0.3",
      "resolved": "http://registry.npm.taobao.org/blear.utils.number/download/blear.utils.number-1.0.3.tgz",
      "integrity": "sha1-xu03E8ipfTzuojaVRZMV5HxahhY=",
      "requires": {
        "blear.utils.array": "1.0.12",
        "blear.utils.typeis": "1.0.3"
      }
    },
    "blear.utils.object": {
      "version": "1.0.14",
      "resolved": "http://registry.npm.taobao.org/blear.utils.object/download/blear.utils.object-1.0.14.tgz",
      "integrity": "sha1-bfkmlYQdUB/vYUqvNv/lC4R4GI0=",
      "requires": {
        "blear.utils.typeis": "1.0.3"
      }
    },
    "blear.utils.random": {
      "version": "1.0.4",
      "resolved": "http://registry.npm.taobao.org/blear.utils.random/download/blear.utils.random-1.0.4.tgz",
      "integrity": "sha1-b0gvPNwufxoVko/HytejP8YM5zk=",
      "requires": {
        "blear.utils.access": "1.0.5",
        "blear.utils.number": "1.0.3",
        "blear.utils.string": "1.0.10",
        "blear.utils.typeis": "1.0.3"
      }
    },
    "blear.utils.string": {
      "version": "1.0.10",
      "resolved": "http://registry.npm.taobao.org/blear.utils.string/download/blear.utils.string-1.0.10.tgz",
      "integrity": "sha1-b2+xkJd8UhMzipwPkZ97o47r9Q4=",
      "requires": {
        "blear.utils.access": "1.0.5",
        "blear.utils.array": "1.0.12",
        "blear.utils.json": "1.0.5",
        "blear.utils.object": "1.0.14",
        "blear.utils.typeis": "1.0.3"
      }
    },
    "blear.utils.typeis": {
      "version": "1.0.3",
      "resolved": "http://registry.npm.taobao.org/blear.utils.typeis/download/blear.utils.typeis-1.0.3.tgz",
      "integrity": "sha1-4u5r+8oHKbe1G6pZ2T1xa2jqxoY="
    },
    "clone": {
      "version": "1.0.4",
      "resolved": "http://registry.npm.taobao.org/clone/download/clone-1.0.4.tgz",
      "integrity": "sha1-2jCcwmPfFZlMaIypAheco8fNfH4="
    },
    "commander": {
      "version": "2.17.1",
      "resolved": "http://registry.npm.taobao.org/commander/download/commander-2.17.1.tgz",
      "integrity": "sha1-vXerfebelCBc6sxy8XFtKfIKd78="
    },
    "de-indent": {
      "version": "1.0.2",
      "resolved": "http://registry.npm.taobao.org/de-indent/download/de-indent-1.0.2.tgz",
      "integrity": "sha1-sgOOhG3DO6pXlhKNCAS0VbjB4h0="
    },
    "defaults": {
      "version": "1.0.3",
      "resolved": "http://registry.npm.taobao.org/defaults/download/defaults-1.0.3.tgz",
      "integrity": "sha1-xlYFHpgX2f8I7YgUd/P+QBnz730=",
      "requires": {
        "clone": "1.0.4"
      }
    },
    "he": {
      "version": "1.1.1",
      "resolved": "http://registry.npm.taobao.org/he/download/he-1.1.1.tgz",
      "integrity": "sha1-k0EP0hsAlzUVH4howvJx80J+I/0="
    },
    "source-map": {
      "version": "0.6.1",
      "resolved": "http://registry.npm.taobao.org/source-map/download/source-map-0.6.1.tgz",
      "integrity": "sha1-dHIq8y6WFOnCh6jQu95IteLxomM="
    },
    "strip-ansi": {
      "version": "4.0.0",
      "resolved": "http://registry.npm.taobao.org/strip-ansi/download/strip-ansi-4.0.0.tgz",
      "integrity": "sha1-qEeQIusaw2iocTibY1JixQXuNo8=",
      "requires": {
        "ansi-regex": "3.0.0"
      }
    },
    "uglify-js": {
      "version": "3.4.9",
      "resolved": "http://registry.npm.taobao.org/uglify-js/download/uglify-js-3.4.9.tgz",
      "integrity": "sha1-rwLxgMEgfXZDLkc+0koo9KeCuuM=",
      "requires": {
        "commander": "2.17.1",
        "source-map": "0.6.1"
      }
    },
    "vue-template-compiler": {
      "version": "2.5.17",
      "resolved": "http://registry.npm.taobao.org/vue-template-compiler/download/vue-template-compiler-2.5.17.tgz",
      "integrity": "sha1-UqSgeMMn3rk3SCpQmuhcBvNGw8s=",
      "requires": {
        "de-indent": "1.0.2",
        "he": "1.1.1"
      }
    },
    "vue-template-es2015-compiler": {
      "version": "1.6.0",
      "resolved": "http://registry.npm.taobao.org/vue-template-es2015-compiler/download/vue-template-es2015-compiler-1.6.0.tgz",
      "integrity": "sha1-3EJpcTMwLOMBdSQ1amxht7abShg="
    },
    "wcwidth": {
      "version": "1.0.1",
      "resolved": "http://registry.npm.taobao.org/wcwidth/download/wcwidth-1.0.1.tgz",
      "integrity": "sha1-8LDc+RW8X/FSivrbLA4XtTLaL+g=",
      "requires": {
        "defaults": "1.0.3"
      }
    }
  }
}
